
Microsoft Visual Studio Solution File, Format Version 12.00
# Visual Studio Version 17
VisualStudioVersion = 17.5.33516.290
MinimumVisualStudioVersion = 10.0.40219.1
Project("{8BC9CEB8-8B4A-11D0-8D11-00A0C91BC942}") = "exceptions", "exceptions\exceptions.vcxproj", "{F5E651F9-526E-4D6B-B92F-37704B84B142}"
EndProject
Project("{8BC9CEB8-8B4A-11D0-8D11-00A0C91BC942}") = "namespace", "namespace\namespace.vcxproj", "{DA75E246-6F41-4FD0-8061-C3D8BF1F8F82}"
EndProject
Global
	GlobalSection(SolutionConfigurationPlatforms) = preSolution
		Debug|x64 = Debug|x64
		Debug|x86 = Debug|x86
		Release|x64 = Release|x64
		Release|x86 = Release|x86
	EndGlobalSection
	GlobalSection(ProjectConfigurationPlatforms) = postSolution
		{F5E651F9-526E-4D6B-B92F-37704B84B142}.Debug|x64.ActiveCfg = Debug|x64
		{F5E651F9-526E-4D6B-B92F-37704B84B142}.Debug|x64.Build.0 = Debug|x64
		{F5E651F9-526E-4D6B-B92F-37704B84B142}.Debug|x86.ActiveCfg = Debug|Win32
		{F5E651F9-526E-4D6B-B92F-37704B84B142}.Debug|x86.Build.0 = Debug|Win32
		{F5E651F9-526E-4D6B-B92F-37704B84B142}.Release|x64.ActiveCfg = Release|x64
		{F5E651F9-526E-4D6B-B92F-37704B84B142}.Release|x64.Build.0 = Release|x64
		{F5E651F9-526E-4D6B-B92F-37704B84B142}.Release|x86.ActiveCfg = Release|Win32
		{F5E651F9-526E-4D6B-B92F-37704B84B142}.Release|x86.Build.0 = Release|Win32
		{DA75E246-6F41-4FD0-8061-C3D8BF1F8F82}.Debug|x64.ActiveCfg = Debug|x64
		{DA75E246-6F41-4FD0-8061-C3D8BF1F8F82}.Debug|x64.Build.0 = Debug|x64
		{DA75E246-6F41-4FD0-8061-C3D8BF1F8F82}.Debug|x86.ActiveCfg = Debug|Win32
		{DA75E246-6F41-4FD0-8061-C3D8BF1F8F82}.Debug|x86.Build.0 = Debug|Win32
		{DA75E246-6F41-4FD0-8061-C3D8BF1F8F82}.Release|x64.ActiveCfg = Release|x64
		{DA75E246-6F41-4FD0-8061-C3D8BF1F8F82}.Release|x64.Build.0 = Release|x64
		{DA75E246-6F41-4FD0-8061-C3D8BF1F8F82}.Release|x86.ActiveCfg = Release|Win32
		{DA75E246-6F41-4FD0-8061-C3D8BF1F8F82}.Release|x86.Build.0 = Release|Win32
	EndGlobalSection
	GlobalSection(SolutionProperties) = preSolution
		HideSolutionNode = FALSE
	EndGlobalSection
	GlobalSection(ExtensibilityGlobals) = postSolution
		SolutionGuid = {427E3293-24F6-4F17-9D20-34B26107964F}
	EndGlobalSection
EndGlobal
